
Microsoft Visual Studio Solution File, Format Version 12.00
# Visual Studio Version 16
VisualStudioVersion = 16.0.31702.278
MinimumVisualStudioVersion = 10.0.40219.1
Project("{FAE04EC0-301F-11D3-BF4B-00C04F79EFBC}") = "Kursovaya_1", "Kursovaya_1\Kursovaya_1.csproj", "{2DFF0B9B-E267-452A-B168-B72596348BDC}"
EndProject
Global
	GlobalSection(SolutionConfigurationPlatforms) = preSolution
		Debug|Any CPU = Debug|Any CPU
		Release|Any CPU = Release|Any CPU
	EndGlobalSection
	GlobalSection(ProjectConfigurationPlatforms) = postSolution
		{2DFF0B9B-E267-452A-B168-B72596348BDC}.Debug|Any CPU.ActiveCfg = Debug|Any CPU
		{2DFF0B9B-E267-452A-B168-B72596348BDC}.Debug|Any CPU.Build.0 = Debug|Any CPU
		{2DFF0B9B-E267-452A-B168-B72596348BDC}.Release|Any CPU.ActiveCfg = Release|Any CPU
		{2DFF0B9B-E267-452A-B168-B72596348BDC}.Release|Any CPU.Build.0 = Release|Any CPU
	EndGlobalSection
	GlobalSection(SolutionProperties) = preSolution
		HideSolutionNode = FALSE
	EndGlobalSection
	GlobalSection(ExtensibilityGlobals) = postSolution
		SolutionGuid = {14E92068-CEAD-4A63-BC8D-03E8BA2B9A22}
	EndGlobalSection
EndGlobal
